
Microsoft Visual Studio Solution File, Format Version 12.00
# Visual Studio Version 16
VisualStudioVersion = 16.0.29926.136
MinimumVisualStudioVersion = 10.0.40219.1
Project("{FAE04EC0-301F-11D3-BF4B-00C04F79EFBC}") = "ZylixApp", "ZylixApp\ZylixApp.csproj", "{A2886B8B-A034-429D-84B0-0DAE0E252C4F}"
EndProject
Global
	GlobalSection(SolutionConfigurationPlatforms) = preSolution
		Debug|Any CPU = Debug|Any CPU
		Release|Any CPU = Release|Any CPU
	EndGlobalSection
	GlobalSection(ProjectConfigurationPlatforms) = postSolution
		{A2886B8B-A034-429D-84B0-0DAE0E252C4F}.Debug|Any CPU.ActiveCfg = Debug|Any CPU
		{A2886B8B-A034-429D-84B0-0DAE0E252C4F}.Debug|Any CPU.Build.0 = Debug|Any CPU
		{A2886B8B-A034-429D-84B0-0DAE0E252C4F}.Release|Any CPU.ActiveCfg = Release|Any CPU
		{A2886B8B-A034-429D-84B0-0DAE0E252C4F}.Release|Any CPU.Build.0 = Release|Any CPU
	EndGlobalSection
	GlobalSection(SolutionProperties) = preSolution
		HideSolutionNode = FALSE
	EndGlobalSection
	GlobalSection(ExtensibilityGlobals) = postSolution
		SolutionGuid = {8EB1B3FB-4686-4FA0-A1BD-BB8D48F76B78}
	EndGlobalSection
EndGlobal
